
Microsoft Visual Studio Solution File, Format Version 12.00
# Visual Studio Version 16
VisualStudioVersion = 16.0.31702.278
MinimumVisualStudioVersion = 10.0.40219.1
Project("{9A19103F-16F7-4668-BE54-9A1E7A4F7556}") = "DatingApp", "DatingApp\DatingApp.csproj", "{AE5F3E39-B102-4795-8AF8-12AB1C04733A}"
EndProject
Project("{E24C65DC-7377-472B-9ABA-BC803B73C61A}") = "client", "client\", "{4B32280A-22BA-4C51-B408-E88A5673B3E8}"
	ProjectSection(WebsiteProperties) = preProject
		TargetFrameworkMoniker = ".NETFramework,Version%3Dv4.0"
		Debug.AspNetCompiler.VirtualPath = "/localhost_54229"
		Debug.AspNetCompiler.PhysicalPath = "client\"
		Debug.AspNetCompiler.TargetPath = "PrecompiledWeb\localhost_54229\"
		Debug.AspNetCompiler.Updateable = "true"
		Debug.AspNetCompiler.ForceOverwrite = "true"
		Debug.AspNetCompiler.FixedNames = "false"
		Debug.AspNetCompiler.Debug = "True"
		Release.AspNetCompiler.VirtualPath = "/localhost_54229"
		Release.AspNetCompiler.PhysicalPath = "client\"
		Release.AspNetCompiler.TargetPath = "PrecompiledWeb\localhost_54229\"
		Release.AspNetCompiler.Updateable = "true"
		Release.AspNetCompiler.ForceOverwrite = "true"
		Release.AspNetCompiler.FixedNames = "false"
		Release.AspNetCompiler.Debug = "False"
		VWDPort = "54229"
	EndProjectSection
EndProject
Global
	GlobalSection(SolutionConfigurationPlatforms) = preSolution
		Debug|Any CPU = Debug|Any CPU
		Release|Any CPU = Release|Any CPU
	EndGlobalSection
	GlobalSection(ProjectConfigurationPlatforms) = postSolution
		{AE5F3E39-B102-4795-8AF8-12AB1C04733A}.Debug|Any CPU.ActiveCfg = Debug|Any CPU
		{AE5F3E39-B102-4795-8AF8-12AB1C04733A}.Debug|Any CPU.Build.0 = Debug|Any CPU
		{AE5F3E39-B102-4795-8AF8-12AB1C04733A}.Release|Any CPU.ActiveCfg = Release|Any CPU
		{AE5F3E39-B102-4795-8AF8-12AB1C04733A}.Release|Any CPU.Build.0 = Release|Any CPU
		{4B32280A-22BA-4C51-B408-E88A5673B3E8}.Debug|Any CPU.ActiveCfg = Debug|Any CPU
		{4B32280A-22BA-4C51-B408-E88A5673B3E8}.Debug|Any CPU.Build.0 = Debug|Any CPU
		{4B32280A-22BA-4C51-B408-E88A5673B3E8}.Release|Any CPU.ActiveCfg = Debug|Any CPU
		{4B32280A-22BA-4C51-B408-E88A5673B3E8}.Release|Any CPU.Build.0 = Debug|Any CPU
	EndGlobalSection
	GlobalSection(SolutionProperties) = preSolution
		HideSolutionNode = FALSE
	EndGlobalSection
	GlobalSection(ExtensibilityGlobals) = postSolution
		SolutionGuid = {AD9B20FF-51C1-4461-8AF1-E66E8B2D43FD}
	EndGlobalSection
EndGlobal
