
Microsoft Visual Studio Solution File, Format Version 12.00
# Visual Studio Version 16
VisualStudioVersion = 16.0.31702.278
MinimumVisualStudioVersion = 10.0.40219.1
Project("{FAE04EC0-301F-11D3-BF4B-00C04F79EFBC}") = "DatingApp", "DatingApp\DatingApp.csproj", "{AE5F3E39-B102-4795-8AF8-12AB1C04733A}"
EndProject
Global
	GlobalSection(SolutionConfigurationPlatforms) = preSolution
		Debug|Any CPU = Debug|Any CPU
		Release|Any CPU = Release|Any CPU
	EndGlobalSection
	GlobalSection(ProjectConfigurationPlatforms) = postSolution
		{AE5F3E39-B102-4795-8AF8-12AB1C04733A}.Debug|Any CPU.ActiveCfg = Debug|Any CPU
		{AE5F3E39-B102-4795-8AF8-12AB1C04733A}.Debug|Any CPU.Build.0 = Debug|Any CPU
		{AE5F3E39-B102-4795-8AF8-12AB1C04733A}.Release|Any CPU.ActiveCfg = Release|Any CPU
		{AE5F3E39-B102-4795-8AF8-12AB1C04733A}.Release|Any CPU.Build.0 = Release|Any CPU
	EndGlobalSection
	GlobalSection(SolutionProperties) = preSolution
		HideSolutionNode = FALSE
	EndGlobalSection
	GlobalSection(ExtensibilityGlobals) = postSolution
		SolutionGuid = {AD9B20FF-51C1-4461-8AF1-E66E8B2D43FD}
	EndGlobalSection
EndGlobal
